
Microsoft Visual Studio Solution File, Format Version 12.00
# Visual Studio Version 16
VisualStudioVersion = 16.0.32228.343
MinimumVisualStudioVersion = 10.0.40219.1
Project("{FAE04EC0-301F-11D3-BF4B-00C04F79EFBC}") = "ReactPeopleCSV.Web", "ReactPeopleCSV.Web\ReactPeopleCSV.Web.csproj", "{6D1D52AD-3804-4245-B3D4-5247ABFD3C9A}"
EndProject
Project("{FAE04EC0-301F-11D3-BF4B-00C04F79EFBC}") = "ReactPeopleCSV.Data", "ReactPeopleCSV.Data\ReactPeopleCSV.Data.csproj", "{86311DDC-C70A-4FFE-9E9C-DD850F802149}"
EndProject
Global
	GlobalSection(SolutionConfigurationPlatforms) = preSolution
		Debug|Any CPU = Debug|Any CPU
		Release|Any CPU = Release|Any CPU
	EndGlobalSection
	GlobalSection(ProjectConfigurationPlatforms) = postSolution
		{6D1D52AD-3804-4245-B3D4-5247ABFD3C9A}.Debug|Any CPU.ActiveCfg = Debug|Any CPU
		{6D1D52AD-3804-4245-B3D4-5247ABFD3C9A}.Debug|Any CPU.Build.0 = Debug|Any CPU
		{6D1D52AD-3804-4245-B3D4-5247ABFD3C9A}.Release|Any CPU.ActiveCfg = Release|Any CPU
		{6D1D52AD-3804-4245-B3D4-5247ABFD3C9A}.Release|Any CPU.Build.0 = Release|Any CPU
		{86311DDC-C70A-4FFE-9E9C-DD850F802149}.Debug|Any CPU.ActiveCfg = Debug|Any CPU
		{86311DDC-C70A-4FFE-9E9C-DD850F802149}.Debug|Any CPU.Build.0 = Debug|Any CPU
		{86311DDC-C70A-4FFE-9E9C-DD850F802149}.Release|Any CPU.ActiveCfg = Release|Any CPU
		{86311DDC-C70A-4FFE-9E9C-DD850F802149}.Release|Any CPU.Build.0 = Release|Any CPU
	EndGlobalSection
	GlobalSection(SolutionProperties) = preSolution
		HideSolutionNode = FALSE
	EndGlobalSection
	GlobalSection(ExtensibilityGlobals) = postSolution
		SolutionGuid = {90DA24A1-1DC3-4847-895D-9C02DE9346BD}
	EndGlobalSection
EndGlobal
